
Microsoft Visual Studio Solution File, Format Version 12.00
# Visual Studio Version 17
VisualStudioVersion = 17.9.34622.214
MinimumVisualStudioVersion = 10.0.40219.1
Project("{FAE04EC0-301F-11D3-BF4B-00C04F79EFBC}") = "CreateMiniSite", "CreateMiniSite\CreateMiniSite.csproj", "{5E80E7DE-5339-41F8-83D3-24A8BD247B9C}"
EndProject
Global
	GlobalSection(SolutionConfigurationPlatforms) = preSolution
		Debug|Any CPU = Debug|Any CPU
		Release|Any CPU = Release|Any CPU
	EndGlobalSection
	GlobalSection(ProjectConfigurationPlatforms) = postSolution
		{5E80E7DE-5339-41F8-83D3-24A8BD247B9C}.Debug|Any CPU.ActiveCfg = Debug|Any CPU
		{5E80E7DE-5339-41F8-83D3-24A8BD247B9C}.Debug|Any CPU.Build.0 = Debug|Any CPU
		{5E80E7DE-5339-41F8-83D3-24A8BD247B9C}.Release|Any CPU.ActiveCfg = Release|Any CPU
		{5E80E7DE-5339-41F8-83D3-24A8BD247B9C}.Release|Any CPU.Build.0 = Release|Any CPU
	EndGlobalSection
	GlobalSection(SolutionProperties) = preSolution
		HideSolutionNode = FALSE
	EndGlobalSection
	GlobalSection(ExtensibilityGlobals) = postSolution
		SolutionGuid = {75312D52-C07C-499F-B7C4-BDC102EBB539}
	EndGlobalSection
EndGlobal
